
Microsoft Visual Studio Solution File, Format Version 12.00
# Visual Studio Version 17
VisualStudioVersion = 17.14.36518.9 d17.14
MinimumVisualStudioVersion = 10.0.40219.1
Project("{FAE04EC0-301F-11D3-BF4B-00C04F79EFBC}") = "Menú Principal (Código final)", "Menú Principal (Código final)\Menú Principal (Código final).csproj", "{782DD47F-9F94-4B47-BBB3-EB2BD776E387}"
EndProject
Global
	GlobalSection(SolutionConfigurationPlatforms) = preSolution
		Debug|Any CPU = Debug|Any CPU
		Release|Any CPU = Release|Any CPU
	EndGlobalSection
	GlobalSection(ProjectConfigurationPlatforms) = postSolution
		{782DD47F-9F94-4B47-BBB3-EB2BD776E387}.Debug|Any CPU.ActiveCfg = Debug|Any CPU
		{782DD47F-9F94-4B47-BBB3-EB2BD776E387}.Debug|Any CPU.Build.0 = Debug|Any CPU
		{782DD47F-9F94-4B47-BBB3-EB2BD776E387}.Release|Any CPU.ActiveCfg = Release|Any CPU
		{782DD47F-9F94-4B47-BBB3-EB2BD776E387}.Release|Any CPU.Build.0 = Release|Any CPU
	EndGlobalSection
	GlobalSection(SolutionProperties) = preSolution
		HideSolutionNode = FALSE
	EndGlobalSection
	GlobalSection(ExtensibilityGlobals) = postSolution
		SolutionGuid = {88A10CD6-8E56-484A-A810-326CB23B40BA}
	EndGlobalSection
EndGlobal
